
Microsoft Visual Studio Solution File, Format Version 12.00
# Visual Studio Version 17
VisualStudioVersion = 17.4.33205.214
MinimumVisualStudioVersion = 10.0.40219.1
Project("{FAE04EC0-301F-11D3-BF4B-00C04F79EFBC}") = "slnCursoNet", "slnCursoNet\slnCursoNet.csproj", "{32C39F0D-3D95-4800-9A6D-7732B10B3D38}"
EndProject
Project("{FAE04EC0-301F-11D3-BF4B-00C04F79EFBC}") = "Entidades", "Entidades\Entidades.csproj", "{31BCF95F-50D5-4FDB-A951-689B5B017CB4}"
EndProject
Project("{FAE04EC0-301F-11D3-BF4B-00C04F79EFBC}") = "Negocio", "Negocio.\Negocio.csproj", "{F112D65F-02C1-468F-812F-80A6DD65A97D}"
EndProject
Global
	GlobalSection(SolutionConfigurationPlatforms) = preSolution
		Debug|Any CPU = Debug|Any CPU
		Release|Any CPU = Release|Any CPU
	EndGlobalSection
	GlobalSection(ProjectConfigurationPlatforms) = postSolution
		{32C39F0D-3D95-4800-9A6D-7732B10B3D38}.Debug|Any CPU.ActiveCfg = Debug|Any CPU
		{32C39F0D-3D95-4800-9A6D-7732B10B3D38}.Debug|Any CPU.Build.0 = Debug|Any CPU
		{32C39F0D-3D95-4800-9A6D-7732B10B3D38}.Release|Any CPU.ActiveCfg = Release|Any CPU
		{32C39F0D-3D95-4800-9A6D-7732B10B3D38}.Release|Any CPU.Build.0 = Release|Any CPU
		{31BCF95F-50D5-4FDB-A951-689B5B017CB4}.Debug|Any CPU.ActiveCfg = Debug|Any CPU
		{31BCF95F-50D5-4FDB-A951-689B5B017CB4}.Debug|Any CPU.Build.0 = Debug|Any CPU
		{31BCF95F-50D5-4FDB-A951-689B5B017CB4}.Release|Any CPU.ActiveCfg = Release|Any CPU
		{31BCF95F-50D5-4FDB-A951-689B5B017CB4}.Release|Any CPU.Build.0 = Release|Any CPU
		{F112D65F-02C1-468F-812F-80A6DD65A97D}.Debug|Any CPU.ActiveCfg = Debug|Any CPU
		{F112D65F-02C1-468F-812F-80A6DD65A97D}.Debug|Any CPU.Build.0 = Debug|Any CPU
		{F112D65F-02C1-468F-812F-80A6DD65A97D}.Release|Any CPU.ActiveCfg = Release|Any CPU
		{F112D65F-02C1-468F-812F-80A6DD65A97D}.Release|Any CPU.Build.0 = Release|Any CPU
	EndGlobalSection
	GlobalSection(SolutionProperties) = preSolution
		HideSolutionNode = FALSE
	EndGlobalSection
	GlobalSection(ExtensibilityGlobals) = postSolution
		SolutionGuid = {1E596579-7DD4-4165-95F6-48DD00369955}
	EndGlobalSection
EndGlobal
